
Microsoft Visual Studio Solution File, Format Version 12.00
# Visual Studio 15
VisualStudioVersion = 15.0.27130.2027
MinimumVisualStudioVersion = 10.0.40219.1
Project("{FAE04EC0-301F-11D3-BF4B-00C04F79EFBC}") = "UnitTest-Sample", "UnitTest-Sample\UnitTest-Sample.csproj", "{1A18E903-0049-4E36-AA9B-76423EC49F5F}"
EndProject
Project("{FAE04EC0-301F-11D3-BF4B-00C04F79EFBC}") = "UnitTest-Sample.Tests", "UnitTest-Sample.Tests\UnitTest-Sample.Tests.csproj", "{E72E4E1D-675B-4B4A-93EA-AA8F94AAD25F}"
EndProject
Project("{FAE04EC0-301F-11D3-BF4B-00C04F79EFBC}") = "UnitTest-SampleTests", "UnitTest-SampleTests\UnitTest-SampleTests.csproj", "{5FB39937-EA48-4419-8883-FF284602A925}"
EndProject
Global
	GlobalSection(SolutionConfigurationPlatforms) = preSolution
		Debug|Any CPU = Debug|Any CPU
		Release|Any CPU = Release|Any CPU
	EndGlobalSection
	GlobalSection(ProjectConfigurationPlatforms) = postSolution
		{1A18E903-0049-4E36-AA9B-76423EC49F5F}.Debug|Any CPU.ActiveCfg = Debug|Any CPU
		{1A18E903-0049-4E36-AA9B-76423EC49F5F}.Debug|Any CPU.Build.0 = Debug|Any CPU
		{1A18E903-0049-4E36-AA9B-76423EC49F5F}.Release|Any CPU.ActiveCfg = Release|Any CPU
		{1A18E903-0049-4E36-AA9B-76423EC49F5F}.Release|Any CPU.Build.0 = Release|Any CPU
		{E72E4E1D-675B-4B4A-93EA-AA8F94AAD25F}.Debug|Any CPU.ActiveCfg = Debug|Any CPU
		{E72E4E1D-675B-4B4A-93EA-AA8F94AAD25F}.Debug|Any CPU.Build.0 = Debug|Any CPU
		{E72E4E1D-675B-4B4A-93EA-AA8F94AAD25F}.Release|Any CPU.ActiveCfg = Release|Any CPU
		{E72E4E1D-675B-4B4A-93EA-AA8F94AAD25F}.Release|Any CPU.Build.0 = Release|Any CPU
		{5FB39937-EA48-4419-8883-FF284602A925}.Debug|Any CPU.ActiveCfg = Debug|Any CPU
		{5FB39937-EA48-4419-8883-FF284602A925}.Debug|Any CPU.Build.0 = Debug|Any CPU
		{5FB39937-EA48-4419-8883-FF284602A925}.Release|Any CPU.ActiveCfg = Release|Any CPU
		{5FB39937-EA48-4419-8883-FF284602A925}.Release|Any CPU.Build.0 = Release|Any CPU
	EndGlobalSection
	GlobalSection(SolutionProperties) = preSolution
		HideSolutionNode = FALSE
	EndGlobalSection
	GlobalSection(ExtensibilityGlobals) = postSolution
		SolutionGuid = {7AF5F9BA-4A0A-4177-AE05-C89D200757A9}
	EndGlobalSection
EndGlobal
